
Microsoft Visual Studio Solution File, Format Version 12.00
# Visual Studio Version 17
VisualStudioVersion = 17.14.36414.22 d17.14
MinimumVisualStudioVersion = 10.0.40219.1
Project("{FAE04EC0-301F-11D3-BF4B-00C04F79EFBC}") = "bai1", "bai1.csproj", "{047BB1B8-87DB-4B82-ABA7-E4D5BA384537}"
EndProject
Global
	GlobalSection(SolutionConfigurationPlatforms) = preSolution
		Debug|Any CPU = Debug|Any CPU
		Release|Any CPU = Release|Any CPU
	EndGlobalSection
	GlobalSection(ProjectConfigurationPlatforms) = postSolution
		{047BB1B8-87DB-4B82-ABA7-E4D5BA384537}.Debug|Any CPU.ActiveCfg = Debug|Any CPU
		{047BB1B8-87DB-4B82-ABA7-E4D5BA384537}.Debug|Any CPU.Build.0 = Debug|Any CPU
		{047BB1B8-87DB-4B82-ABA7-E4D5BA384537}.Release|Any CPU.ActiveCfg = Release|Any CPU
		{047BB1B8-87DB-4B82-ABA7-E4D5BA384537}.Release|Any CPU.Build.0 = Release|Any CPU
	EndGlobalSection
	GlobalSection(SolutionProperties) = preSolution
		HideSolutionNode = FALSE
	EndGlobalSection
	GlobalSection(ExtensibilityGlobals) = postSolution
		SolutionGuid = {9E009733-3529-4649-B6F7-097F5C98F67A}
	EndGlobalSection
EndGlobal
